
Microsoft Visual Studio Solution File, Format Version 12.00
# Visual Studio Version 17
VisualStudioVersion = 17.7.34031.279
MinimumVisualStudioVersion = 10.0.40219.1
Project("{FAE04EC0-301F-11D3-BF4B-00C04F79EFBC}") = "ex1", "ex1\ex1.csproj", "{A81D51BF-9E5D-4D76-802D-5F717C8C4620}"
EndProject
Global
	GlobalSection(SolutionConfigurationPlatforms) = preSolution
		Debug|Any CPU = Debug|Any CPU
		Release|Any CPU = Release|Any CPU
	EndGlobalSection
	GlobalSection(ProjectConfigurationPlatforms) = postSolution
		{A81D51BF-9E5D-4D76-802D-5F717C8C4620}.Debug|Any CPU.ActiveCfg = Debug|Any CPU
		{A81D51BF-9E5D-4D76-802D-5F717C8C4620}.Debug|Any CPU.Build.0 = Debug|Any CPU
		{A81D51BF-9E5D-4D76-802D-5F717C8C4620}.Release|Any CPU.ActiveCfg = Release|Any CPU
		{A81D51BF-9E5D-4D76-802D-5F717C8C4620}.Release|Any CPU.Build.0 = Release|Any CPU
	EndGlobalSection
	GlobalSection(SolutionProperties) = preSolution
		HideSolutionNode = FALSE
	EndGlobalSection
	GlobalSection(ExtensibilityGlobals) = postSolution
		SolutionGuid = {5F8D5310-C8A6-46AB-9020-87AAFF78D498}
	EndGlobalSection
EndGlobal
